
Microsoft Visual Studio Solution File, Format Version 12.00
# Visual Studio Version 16
VisualStudioVersion = 25.0.1704.3
MinimumVisualStudioVersion = 10.0.40219.1
Project("{FAE04EC0-301F-11D3-BF4B-00C04F79EFBC}") = "EntityFC", "EntityFC\EntityFC.csproj", "{49AF554B-5951-40A1-87A2-1B8477195CE1}"
EndProject
Project("{2150E333-8FDC-42A3-9474-1A3956D46DE8}") = "Çözüm Öğeleri", "Çözüm Öğeleri", "{998AD69C-F952-4265-B65E-395D94D9BDA1}"
	ProjectSection(SolutionItems) = preProject
		.editorconfig = .editorconfig
	EndProjectSection
EndProject
Global
	GlobalSection(SolutionConfigurationPlatforms) = preSolution
		Debug|Any CPU = Debug|Any CPU
		Release|Any CPU = Release|Any CPU
	EndGlobalSection
	GlobalSection(ProjectConfigurationPlatforms) = postSolution
		{49AF554B-5951-40A1-87A2-1B8477195CE1}.Debug|Any CPU.ActiveCfg = Debug|Any CPU
		{49AF554B-5951-40A1-87A2-1B8477195CE1}.Debug|Any CPU.Build.0 = Debug|Any CPU
		{49AF554B-5951-40A1-87A2-1B8477195CE1}.Release|Any CPU.ActiveCfg = Release|Any CPU
		{49AF554B-5951-40A1-87A2-1B8477195CE1}.Release|Any CPU.Build.0 = Release|Any CPU
	EndGlobalSection
	GlobalSection(SolutionProperties) = preSolution
		HideSolutionNode = FALSE
	EndGlobalSection
	GlobalSection(ExtensibilityGlobals) = postSolution
		SolutionGuid = {7779BB22-E545-4A1B-8035-101FA0AB98F2}
	EndGlobalSection
EndGlobal
